{
  "originHash" : "887459469210040068bee82988bf55ac365c96cb56702dc272b30fccbe8b822b",
  "pins" : [
    {
      "identity" : "customtab-ios-uikit",
      "kind" : "remoteSourceControl",
      "location" : "https://github.com/MykolaZabrotskyi/CustomTab-iOS-UIKit",
      "state" : {
        "branch" : "master",
        "revision" : "30e22ed89ab4590e2c53f005c86ae54d9a269877"
      }
    },
    {
      "identity" : "kingfisher",
      "kind" : "remoteSourceControl",
      "location" : "https://github.com/onevcat/Kingfisher",
      "state" : {
        "revision" : "c92b84898e34ab46ff0dad86c02a0acbe2d87008",
        "version" : "8.8.0"
      }
    }
  ],
  "version" : 3
}
